// !$*UTF8*$!
{
	archiveVersion = 1;
	classes = {
	};
	objectVersion = 48;
	objects = {

/* Begin PBXBuildFile section */
		360B0311F7CDD8047FC842D9 /* Pods_Garlicoin.framework in Frameworks */ = {isa = PBXBuildFile; fileRef = 491149BE3A78104BA91C6046 /* Pods_Garlicoin.framework */; };
		5F226E44201A956700D8BD97 /* AppDelegate.swift in Sources */ = {isa = PBXBuildFile; fileRef = 5F226E43201A956700D8BD97 /* AppDelegate.swift */; };
		5F226E49201A956700D8BD97 /* Main.storyboard in Resources */ = {isa = PBXBuildFile; fileRef = 5F226E47201A956700D8BD97 /* Main.storyboard */; };
		5F226E4C201A956700D8BD97 /* Garlicoin.xcdatamodeld in Sources */ = {isa = PBXBuildFile; fileRef = 5F226E4A201A956700D8BD97 /* Garlicoin.xcdatamodeld */; };
		5F226E4E201A956700D8BD97 /* Assets.xcassets in Resources */ = {isa = PBXBuildFile; fileRef = 5F226E4D201A956700D8BD97 /* Assets.xcassets */; };
		5F226E51201A956700D8BD97 /* LaunchScreen.storyboard in Resources */ = {isa = PBXBuildFile; fileRef = 5F226E4F201A956700D8BD97 /* LaunchScreen.storyboard */; };
		5F226E59201AA0C500D8BD97 /* SearchVC.swift in Sources */ = {isa = PBXBuildFile; fileRef = 5F226E58201AA0C500D8BD97 /* SearchVC.swift */; };
		5F226E5C201AA1E900D8BD97 /* DisplayVC.swift in Sources */ = {isa = PBXBuildFile; fileRef = 5F226E5B201AA1E900D8BD97 /* DisplayVC.swift */; };
		5F26E0D4201D33EC003C2E48 /* UIViewControllerExtension.swift in Sources */ = {isa = PBXBuildFile; fileRef = 5F26E0D3201D33EC003C2E48 /* UIViewControllerExtension.swift */; };
		5F8962A5201AA95300E4D2BC /* Constants.swift in Sources */ = {isa = PBXBuildFile; fileRef = 5F8962A4201AA95300E4D2BC /* Constants.swift */; };
		5F8962A7201AB0C000E4D2BC /* TransactionCell.swift in Sources */ = {isa = PBXBuildFile; fileRef = 5F8962A6201AB0C000E4D2BC /* TransactionCell.swift */; };
/* End PBXBuildFile section */

/* Begin PBXFileReference section */
		491149BE3A78104BA91C6046 /* Pods_Garlicoin.framework */ = {isa = PBXFileReference; explicitFileType = wrapper.framework; includeInIndex = 0; path = Pods_Garlicoin.framework; sourceTree = BUILT_PRODUCTS_DIR; };
		5F226E40201A956700D8BD97 /* Garlicoin.app */ = {isa = PBXFileReference; explicitFileType = wrapper.application; includeInIndex = 0; path = Garlicoin.app; sourceTree = BUILT_PRODUCTS_DIR; };
		5F226E43201A956700D8BD97 /* AppDelegate.swift */ = {isa = PBXFileReference; lastKnownFileType = sourcecode.swift; path = AppDelegate.swift; sourceTree = "<group>"; };
		5F226E48201A956700D8BD97 /* Base */ = {isa = PBXFileReference; lastKnownFileType = file.storyboard; name = Base; path = Base.lproj/Main.storyboard; sourceTree = "<group>"; };
		5F226E4B201A956700D8BD97 /* Garlicoin.xcdatamodel */ = {isa = PBXFileReference; lastKnownFileType = wrapper.xcdatamodel; path = Garlicoin.xcdatamodel; sourceTree = "<group>"; };
		5F226E4D201A956700D8BD97 /* Assets.xcassets */ = {isa = PBXFileReference; lastKnownFileType = folder.assetcatalog; path = Assets.xcassets; sourceTree = "<group>"; };
		5F226E50201A956700D8BD97 /* Base */ = {isa = PBXFileReference; lastKnownFileType = file.storyboard; name = Base; path = Base.lproj/LaunchScreen.storyboard; sourceTree = "<group>"; };
		5F226E52201A956700D8BD97 /* Info.plist */ = {isa = PBXFileReference; lastKnownFileType = text.plist.xml; path = Info.plist; sourceTree = "<group>"; };
		5F226E58201AA0C500D8BD97 /* SearchVC.swift */ = {isa = PBXFileReference; lastKnownFileType = sourcecode.swift; path = SearchVC.swift; sourceTree = "<group>"; };
		5F226E5B201AA1E900D8BD97 /* DisplayVC.swift */ = {isa = PBXFileReference; lastKnownFileType = sourcecode.swift; path = DisplayVC.swift; sourceTree = "<group>"; };
		5F26E0D3201D33EC003C2E48 /* UIViewControllerExtension.swift */ = {isa = PBXFileReference; fileEncoding = 4; lastKnownFileType = sourcecode.swift; path = UIViewControllerExtension.swift; sourceTree = "<group>"; };
		5F8962A4201AA95300E4D2BC /* Constants.swift */ = {isa = PBXFileReference; lastKnownFileType = sourcecode.swift; path = Constants.swift; sourceTree = "<group>"; };
		5F8962A6201AB0C000E4D2BC /* TransactionCell.swift */ = {isa = PBXFileReference; lastKnownFileType = sourcecode.swift; path = TransactionCell.swift; sourceTree = "<group>"; };
		70639095C52F211B11ED09DA /* Pods-Garlicoin.release.xcconfig */ = {isa = PBXFileReference; includeInIndex = 1; lastKnownFileType = text.xcconfig; name = "Pods-Garlicoin.release.xcconfig"; path = "Pods/Target Support Files/Pods-Garlicoin/Pods-Garlicoin.release.xcconfig"; sourceTree = "<group>"; };
		D5F2B34E5DB905AE86608A59 /* Pods-Garlicoin.debug.xcconfig */ = {isa = PBXFileReference; includeInIndex = 1; lastKnownFileType = text.xcconfig; name = "Pods-Garlicoin.debug.xcconfig"; path = "Pods/Target Support Files/Pods-Garlicoin/Pods-Garlicoin.debug.xcconfig"; sourceTree = "<group>"; };
/* End PBXFileReference section */

/* Begin PBXFrameworksBuildPhase section */
		5F226E3D201A956700D8BD97 /* Frameworks */ = {
			isa = PBXFrameworksBuildPhase;
			buildActionMask = 2147483647;
			files = (
				360B0311F7CDD8047FC842D9 /* Pods_Garlicoin.framework in Frameworks */,
			);
			runOnlyForDeploymentPostprocessing = 0;
		};
/* End PBXFrameworksBuildPhase section */

/* Begin PBXGroup section */
		3AC7B0B17186F5C7595211B7 /* Pods */ = {
			isa = PBXGroup;
			children = (
				D5F2B34E5DB905AE86608A59 /* Pods-Garlicoin.debug.xcconfig */,
				70639095C52F211B11ED09DA /* Pods-Garlicoin.release.xcconfig */,
			);
			name = Pods;
			sourceTree = "<group>";
		};
		5F226E37201A956700D8BD97 = {
			isa = PBXGroup;
			children = (
				5F226E42201A956700D8BD97 /* Garlicoin */,
				5F226E41201A956700D8BD97 /* Products */,
				3AC7B0B17186F5C7595211B7 /* Pods */,
				CB7A86EA22564F06B20954DB /* Frameworks */,
			);
			sourceTree = "<group>";
		};
		5F226E41201A956700D8BD97 /* Products */ = {
			isa = PBXGroup;
			children = (
				5F226E40201A956700D8BD97 /* Garlicoin.app */,
			);
			name = Products;
			sourceTree = "<group>";
		};
		5F226E42201A956700D8BD97 /* Garlicoin */ = {
			isa = PBXGroup;
			children = (
				5F8962AA201AB0D600E4D2BC /* Utilities */,
				5F26E0D2201D339F003C2E48 /* Extensions */,
				5F26E0D3201D33EC003C2E48 /* UIViewControllerExtension.swift */,
				5F8962A8201AB0C400E4D2BC /* Views */,
				5F226E5A201AA0CB00D8BD97 /* VCs */,
				5F226E43201A956700D8BD97 /* AppDelegate.swift */,
				5F226E47201A956700D8BD97 /* Main.storyboard */,
				5F226E4D201A956700D8BD97 /* Assets.xcassets */,
				5F226E4F201A956700D8BD97 /* LaunchScreen.storyboard */,
				5F226E52201A956700D8BD97 /* Info.plist */,
				5F226E4A201A956700D8BD97 /* Garlicoin.xcdatamodeld */,
			);
			path = Garlicoin;
			sourceTree = "<group>";
		};
		5F226E5A201AA0CB00D8BD97 /* VCs */ = {
			isa = PBXGroup;
			children = (
				5F226E58201AA0C500D8BD97 /* SearchVC.swift */,
				5F226E5B201AA1E900D8BD97 /* DisplayVC.swift */,
			);
			path = VCs;
			sourceTree = "<group>";
		};
		5F26E0D2201D339F003C2E48 /* Extensions */ = {
			isa = PBXGroup;
			children = (
			);
			path = Extensions;
			sourceTree = "<group>";
		};
		5F8962A8201AB0C400E4D2BC /* Views */ = {
			isa = PBXGroup;
			children = (
				5F8962A9201AB0CF00E4D2BC /* Cells */,
			);
			path = Views;
			sourceTree = "<group>";
		};
		5F8962A9201AB0CF00E4D2BC /* Cells */ = {
			isa = PBXGroup;
			children = (
				5F8962A6201AB0C000E4D2BC /* TransactionCell.swift */,
			);
			path = Cells;
			sourceTree = "<group>";
		};
		5F8962AA201AB0D600E4D2BC /* Utilities */ = {
			isa = PBXGroup;
			children = (
				5F8962A4201AA95300E4D2BC /* Constants.swift */,
			);
			path = Utilities;
			sourceTree = "<group>";
		};
		CB7A86EA22564F06B20954DB /* Frameworks */ = {
			isa = PBXGroup;
			children = (
				491149BE3A78104BA91C6046 /* Pods_Garlicoin.framework */,
			);
			name = Frameworks;
			sourceTree = "<group>";
		};
/* End PBXGroup section */

/* Begin PBXNativeTarget section */
		5F226E3F201A956700D8BD97 /* Garlicoin */ = {
			isa = PBXNativeTarget;
			buildConfigurationList = 5F226E55201A956700D8BD97 /* Build configuration list for PBXNativeTarget "Garlicoin" */;
			buildPhases = (
				F290A71890C99BC927AD4972 /* [CP] Check Pods Manifest.lock */,
				5F226E3C201A956700D8BD97 /* Sources */,
				5F226E3D201A956700D8BD97 /* Frameworks */,
				5F226E3E201A956700D8BD97 /* Resources */,
				0B87E382F3EE8398426D97FB /* [CP] Embed Pods Frameworks */,
				23C270F061C19CD1CA06A111 /* [CP] Copy Pods Resources */,
			);
			buildRules = (
			);
			dependencies = (
			);
			name = Garlicoin;
			productName = Garlicoin;
			productReference = 5F226E40201A956700D8BD97 /* Garlicoin.app */;
			productType = "com.apple.product-type.application";
		};
/* End PBXNativeTarget section */

/* Begin PBXProject section */
		5F226E38201A956700D8BD97 /* Project object */ = {
			isa = PBXProject;
			attributes = {
				LastSwiftUpdateCheck = 0920;
				LastUpgradeCheck = 0920;
				ORGANIZATIONNAME = "Marcus Ng";
				TargetAttributes = {
					5F226E3F201A956700D8BD97 = {
						CreatedOnToolsVersion = 9.2;
						ProvisioningStyle = Automatic;
					};
				};
			};
			buildConfigurationList = 5F226E3B201A956700D8BD97 /* Build configuration list for PBXProject "Garlicoin" */;
			compatibilityVersion = "Xcode 8.0";
			developmentRegion = en;
			hasScannedForEncodings = 0;
			knownRegions = (
				en,
				Base,
			);
			mainGroup = 5F226E37201A956700D8BD97;
			productRefGroup = 5F226E41201A956700D8BD97 /* Products */;
			projectDirPath = "";
			projectRoot = "";
			targets = (
				5F226E3F201A956700D8BD97 /* Garlicoin */,
			);
		};
/* End PBXProject section */

/* Begin PBXResourcesBuildPhase section */
		5F226E3E201A956700D8BD97 /* Resources */ = {
			isa = PBXResourcesBuildPhase;
			buildActionMask = 2147483647;
			files = (
				5F226E51201A956700D8BD97 /* LaunchScreen.storyboard in Resources */,
				5F226E4E201A956700D8BD97 /* Assets.xcassets in Resources */,
				5F226E49201A956700D8BD97 /* Main.storyboard in Resources */,
			);
			runOnlyForDeploymentPostprocessing = 0;
		};
/* End PBXResourcesBuildPhase section */

/* Begin PBXShellScriptBuildPhase section */
		0B87E382F3EE8398426D97FB /* [CP] Embed Pods Frameworks */ = {
			isa = PBXShellScriptBuildPhase;
			buildActionMask = 2147483647;
			files = (
			);
			inputPaths = (
				"${SRCROOT}/Pods/Target Support Files/Pods-Garlicoin/Pods-Garlicoin-frameworks.sh",
				"${BUILT_PRODUCTS_DIR}/Alamofire/Alamofire.framework",
				"${BUILT_PRODUCTS_DIR}/Kingfisher/Kingfisher.framework",
				"${BUILT_PRODUCTS_DIR}/SwiftSoup/SwiftSoup.framework",
				"${BUILT_PRODUCTS_DIR}/SwiftyJSON/SwiftyJSON.framework",
			);
			name = "[CP] Embed Pods Frameworks";
			outputPaths = (
				"${TARGET_BUILD_DIR}/${FRAMEWORKS_FOLDER_PATH}/Alamofire.framework",
				"${TARGET_BUILD_DIR}/${FRAMEWORKS_FOLDER_PATH}/Kingfisher.framework",
				"${TARGET_BUILD_DIR}/${FRAMEWORKS_FOLDER_PATH}/SwiftSoup.framework",
				"${TARGET_BUILD_DIR}/${FRAMEWORKS_FOLDER_PATH}/SwiftyJSON.framework",
			);
			runOnlyForDeploymentPostprocessing = 0;
			shellPath = /bin/sh;
			shellScript = "\"${SRCROOT}/Pods/Target Support Files/Pods-Garlicoin/Pods-Garlicoin-frameworks.sh\"\n";
			showEnvVarsInLog = 0;
		};
		23C270F061C19CD1CA06A111 /* [CP] Copy Pods Resources */ = {
			isa = PBXShellScriptBuildPhase;
			buildActionMask = 2147483647;
			files = (
			);
			inputPaths = (
			);
			name = "[CP] Copy Pods Resources";
			outputPaths = (
			);
			runOnlyForDeploymentPostprocessing = 0;
			shellPath = /bin/sh;
			shellScript = "\"${SRCROOT}/Pods/Target Support Files/Pods-Garlicoin/Pods-Garlicoin-resources.sh\"\n";
			showEnvVarsInLog = 0;
		};
		F290A71890C99BC927AD4972 /* [CP] Check Pods Manifest.lock */ = {
			isa = PBXShellScriptBuildPhase;
			buildActionMask = 2147483647;
			files = (
			);
			inputPaths = (
				"${PODS_PODFILE_DIR_PATH}/Podfile.lock",
				"${PODS_ROOT}/Manifest.lock",
			);
			name = "[CP] Check Pods Manifest.lock";
			outputPaths = (
				"$(DERIVED_FILE_DIR)/Pods-Garlicoin-checkManifestLockResult.txt",
			);
			runOnlyForDeploymentPostprocessing = 0;
			shellPath = /bin/sh;
			shellScript = "diff \"${PODS_PODFILE_DIR_PATH}/Podfile.lock\" \"${PODS_ROOT}/Manifest.lock\" > /dev/null\nif [ $? != 0 ] ; then\n    # print error to STDERR\n    echo \"error: The sandbox is not in sync with the Podfile.lock. Run 'pod install' or update your CocoaPods installation.\" >&2\n    exit 1\nfi\n# This output is used by Xcode 'outputs' to avoid re-running this script phase.\necho \"SUCCESS\" > \"${SCRIPT_OUTPUT_FILE_0}\"\n";
			showEnvVarsInLog = 0;
		};
/* End PBXShellScriptBuildPhase section */

/* Begin PBXSourcesBuildPhase section */
		5F226E3C201A956700D8BD97 /* Sources */ = {
			isa = PBXSourcesBuildPhase;
			buildActionMask = 2147483647;
			files = (
				5F8962A5201AA95300E4D2BC /* Constants.swift in Sources */,
				5F226E59201AA0C500D8BD97 /* SearchVC.swift in Sources */,
				5F8962A7201AB0C000E4D2BC /* TransactionCell.swift in Sources */,
				5F226E5C201AA1E900D8BD97 /* DisplayVC.swift in Sources */,
				5F226E44201A956700D8BD97 /* AppDelegate.swift in Sources */,
				5F26E0D4201D33EC003C2E48 /* UIViewControllerExtension.swift in Sources */,
				5F226E4C201A956700D8BD97 /* Garlicoin.xcdatamodeld in Sources */,
			);
			runOnlyForDeploymentPostprocessing = 0;
		};
/* End PBXSourcesBuildPhase section */

/* Begin PBXVariantGroup section */
		5F226E47201A956700D8BD97 /* Main.storyboard */ = {
			isa = PBXVariantGroup;
			children = (
				5F226E48201A956700D8BD97 /* Base */,
			);
			name = Main.storyboard;
			sourceTree = "<group>";
		};
		5F226E4F201A956700D8BD97 /* LaunchScreen.storyboard */ = {
			isa = PBXVariantGroup;
			children = (
				5F226E50201A956700D8BD97 /* Base */,
			);
			name = LaunchScreen.storyboard;
			sourceTree = "<group>";
		};
/* End PBXVariantGroup section */

/* Begin XCBuildConfiguration section */
		5F226E53201A956700D8BD97 /* Debug */ = {
			isa = XCBuildConfiguration;
			buildSettings = {
				ALWAYS_SEARCH_USER_PATHS = NO;
				CLANG_ANALYZER_NONNULL = YES;
				CLANG_ANALYZER_NUMBER_OBJECT_CONVERSION = YES_AGGRESSIVE;
				CLANG_CXX_LANGUAGE_STANDARD = "gnu++14";
				CLANG_CXX_LIBRARY = "libc++";
				CLANG_ENABLE_MODULES = YES;
				CLANG_ENABLE_OBJC_ARC = YES;
				CLANG_WARN_BLOCK_CAPTURE_AUTORELEASING = YES;
				CLANG_WARN_BOOL_CONVERSION = YES;
				CLANG_WARN_COMMA = YES;
				CLANG_WARN_CONSTANT_CONVERSION = YES;
				CLANG_WARN_DIRECT_OBJC_ISA_USAGE = YES_ERROR;
				CLANG_WARN_DOCUMENTATION_COMMENTS = YES;
				CLANG_WARN_EMPTY_BODY = YES;
				CLANG_WARN_ENUM_CONVERSION = YES;
				CLANG_WARN_INFINITE_RECURSION = YES;
				CLANG_WARN_INT_CONVERSION = YES;
				CLANG_WARN_NON_LITERAL_NULL_CONVERSION = YES;
				CLANG_WARN_OBJC_LITERAL_CONVERSION = YES;
				CLANG_WARN_OBJC_ROOT_CLASS = YES_ERROR;
				CLANG_WARN_RANGE_LOOP_ANALYSIS = YES;
				CLANG_WARN_STRICT_PROTOTYPES = YES;
				CLANG_WARN_SUSPICIOUS_MOVE = YES;
				CLANG_WARN_UNGUARDED_AVAILABILITY = YES_AGGRESSIVE;
				CLANG_WARN_UNREACHABLE_CODE = YES;
				CLANG_WARN__DUPLICATE_METHOD_MATCH = YES;
				CODE_SIGN_IDENTITY = "iPhone Developer";
				COPY_PHASE_STRIP = NO;
				DEBUG_INFORMATION_FORMAT = dwarf;
				ENABLE_STRICT_OBJC_MSGSEND = YES;
				ENABLE_TESTABILITY = YES;
				GCC_C_LANGUAGE_STANDARD = gnu11;
				GCC_DYNAMIC_NO_PIC = NO;
				GCC_NO_COMMON_BLOCKS = YES;
				GCC_OPTIMIZATION_LEVEL = 0;
				GCC_PREPROCESSOR_DEFINITIONS = (
					"DEBUG=1",
					"$(inherited)",
				);
				GCC_WARN_64_TO_32_BIT_CONVERSION = YES;
				GCC_WARN_ABOUT_RETURN_TYPE = YES_ERROR;
				GCC_WARN_UNDECLARED_SELECTOR = YES;
				GCC_WARN_UNINITIALIZED_AUTOS = YES_AGGRESSIVE;
				GCC_WARN_UNUSED_FUNCTION = YES;
				GCC_WARN_UNUSED_VARIABLE = YES;
				IPHONEOS_DEPLOYMENT_TARGET = 11.2;
				MTL_ENABLE_DEBUG_INFO = YES;
				ONLY_ACTIVE_ARCH = YES;
				SDKROOT = iphoneos;
				SWIFT_ACTIVE_COMPILATION_CONDITIONS = DEBUG;
				SWIFT_OPTIMIZATION_LEVEL = "-Onone";
			};
			name = Debug;
		};
		5F226E54201A956700D8BD97 /* Release */ = {
			isa = XCBuildConfiguration;
			buildSettings = {
				ALWAYS_SEARCH_USER_PATHS = NO;
				CLANG_ANALYZER_NONNULL = YES;
				CLANG_ANALYZER_NUMBER_OBJECT_CONVERSION = YES_AGGRESSIVE;
				CLANG_CXX_LANGUAGE_STANDARD = "gnu++14";
				CLANG_CXX_LIBRARY = "libc++";
				CLANG_ENABLE_MODULES = YES;
				CLANG_ENABLE_OBJC_ARC = YES;
				CLANG_WARN_BLOCK_CAPTURE_AUTORELEASING = YES;
				CLANG_WARN_BOOL_CONVERSION = YES;
				CLANG_WARN_COMMA = YES;
				CLANG_WARN_CONSTANT_CONVERSION = YES;
				CLANG_WARN_DIRECT_OBJC_ISA_USAGE = YES_ERROR;
				CLANG_WARN_DOCUMENTATION_COMMENTS = YES;
				CLANG_WARN_EMPTY_BODY = YES;
				CLANG_WARN_ENUM_CONVERSION = YES;
				CLANG_WARN_INFINITE_RECURSION = YES;
				CLANG_WARN_INT_CONVERSION = YES;
				CLANG_WARN_NON_LITERAL_NULL_CONVERSION = YES;
				CLANG_WARN_OBJC_LITERAL_CONVERSION = YES;
				CLANG_WARN_OBJC_ROOT_CLASS = YES_ERROR;
				CLANG_WARN_RANGE_LOOP_ANALYSIS = YES;
				CLANG_WARN_STRICT_PROTOTYPES = YES;
				CLANG_WARN_SUSPICIOUS_MOVE = YES;
				CLANG_WARN_UNGUARDED_AVAILABILITY = YES_AGGRESSIVE;
				CLANG_WARN_UNREACHABLE_CODE = YES;
				CLANG_WARN__DUPLICATE_METHOD_MATCH = YES;
				CODE_SIGN_IDENTITY = "iPhone Developer";
				COPY_PHASE_STRIP = NO;
				DEBUG_INFORMATION_FORMAT = "dwarf-with-dsym";
				ENABLE_NS_ASSERTIONS = NO;
				ENABLE_STRICT_OBJC_MSGSEND = YES;
				GCC_C_LANGUAGE_STANDARD = gnu11;
				GCC_NO_COMMON_BLOCKS = YES;
				GCC_WARN_64_TO_32_BIT_CONVERSION = YES;
				GCC_WARN_ABOUT_RETURN_TYPE = YES_ERROR;
				GCC_WARN_UNDECLARED_SELECTOR = YES;
				GCC_WARN_UNINITIALIZED_AUTOS = YES_AGGRESSIVE;
				GCC_WARN_UNUSED_FUNCTION = YES;
				GCC_WARN_UNUSED_VARIABLE = YES;
				IPHONEOS_DEPLOYMENT_TARGET = 11.2;
				MTL_ENABLE_DEBUG_INFO = NO;
				SDKROOT = iphoneos;
				SWIFT_OPTIMIZATION_LEVEL = "-Owholemodule";
				VALIDATE_PRODUCT = YES;
			};
			name = Release;
		};
		5F226E56201A956700D8BD97 /* Debug */ = {
			isa = XCBuildConfiguration;
			baseConfigurationReference = D5F2B34E5DB905AE86608A59 /* Pods-Garlicoin.debug.xcconfig */;
			buildSettings = {
				ASSETCATALOG_COMPILER_APPICON_NAME = AppIcon;
				CODE_SIGN_STYLE = Automatic;
				DEVELOPMENT_TEAM = 8YCPCF4H7X;
				INFOPLIST_FILE = Garlicoin/Info.plist;
				LD_RUNPATH_SEARCH_PATHS = "$(inherited) @executable_path/Frameworks";
				PRODUCT_BUNDLE_IDENTIFIER = com.MarcusNg.Garlicoin;
				PRODUCT_NAME = "$(TARGET_NAME)";
				SWIFT_VERSION = 4.0;
				TARGETED_DEVICE_FAMILY = "1,2";
			};
			name = Debug;
		};
		5F226E57201A956700D8BD97 /* Release */ = {
			isa = XCBuildConfiguration;
			baseConfigurationReference = 70639095C52F211B11ED09DA /* Pods-Garlicoin.release.xcconfig */;
			buildSettings = {
				ASSETCATALOG_COMPILER_APPICON_NAME = AppIcon;
				CODE_SIGN_STYLE = Automatic;
				DEVELOPMENT_TEAM = 8YCPCF4H7X;
				INFOPLIST_FILE = Garlicoin/Info.plist;
				LD_RUNPATH_SEARCH_PATHS = "$(inherited) @executable_path/Frameworks";
				PRODUCT_BUNDLE_IDENTIFIER = com.MarcusNg.Garlicoin;
				PRODUCT_NAME = "$(TARGET_NAME)";
				SWIFT_VERSION = 4.0;
				TARGETED_DEVICE_FAMILY = "1,2";
			};
			name = Release;
		};
/* End XCBuildConfiguration section */

/* Begin XCConfigurationList section */
		5F226E3B201A956700D8BD97 /* Build configuration list for PBXProject "Garlicoin" */ = {
			isa = XCConfigurationList;
			buildConfigurations = (
				5F226E53201A956700D8BD97 /* Debug */,
				5F226E54201A956700D8BD97 /* Release */,
			);
			defaultConfigurationIsVisible = 0;
			defaultConfigurationName = Release;
		};
		5F226E55201A956700D8BD97 /* Build configuration list for PBXNativeTarget "Garlicoin" */ = {
			isa = XCConfigurationList;
			buildConfigurations = (
				5F226E56201A956700D8BD97 /* Debug */,
				5F226E57201A956700D8BD97 /* Release */,
			);
			defaultConfigurationIsVisible = 0;
			defaultConfigurationName = Release;
		};
/* End XCConfigurationList section */

/* Begin XCVersionGroup section */
		5F226E4A201A956700D8BD97 /* Garlicoin.xcdatamodeld */ = {
			isa = XCVersionGroup;
			children = (
				5F226E4B201A956700D8BD97 /* Garlicoin.xcdatamodel */,
			);
			currentVersion = 5F226E4B201A956700D8BD97 /* Garlicoin.xcdatamodel */;
			path = Garlicoin.xcdatamodeld;
			sourceTree = "<group>";
			versionGroupType = wrapper.xcdatamodel;
		};
/* End XCVersionGroup section */
	};
	rootObject = 5F226E38201A956700D8BD97 /* Project object */;
}
